
Microsoft Visual Studio Solution File, Format Version 12.00
# Visual Studio Version 17
VisualStudioVersion = 17.2.32630.192
MinimumVisualStudioVersion = 10.0.40219.1
Project("{FAE04EC0-301F-11D3-BF4B-00C04F79EFBC}") = "Test_Task", "Test_Task\Test_Task.csproj", "{47169EDE-64BD-4E91-A690-703F969A69D6}"
EndProject
Global
	GlobalSection(SolutionConfigurationPlatforms) = preSolution
		Debug|Any CPU = Debug|Any CPU
		Release|Any CPU = Release|Any CPU
	EndGlobalSection
	GlobalSection(ProjectConfigurationPlatforms) = postSolution
		{47169EDE-64BD-4E91-A690-703F969A69D6}.Debug|Any CPU.ActiveCfg = Debug|Any CPU
		{47169EDE-64BD-4E91-A690-703F969A69D6}.Debug|Any CPU.Build.0 = Debug|Any CPU
		{47169EDE-64BD-4E91-A690-703F969A69D6}.Release|Any CPU.ActiveCfg = Release|Any CPU
		{47169EDE-64BD-4E91-A690-703F969A69D6}.Release|Any CPU.Build.0 = Release|Any CPU
	EndGlobalSection
	GlobalSection(SolutionProperties) = preSolution
		HideSolutionNode = FALSE
	EndGlobalSection
	GlobalSection(ExtensibilityGlobals) = postSolution
		SolutionGuid = {760102ED-971F-4D14-B345-E6186489C21A}
	EndGlobalSection
EndGlobal
